// !$*UTF8*$!
{
	archiveVersion = 1;
	classes = {
	};
	objectVersion = 56;
	objects = {

/* Begin PBXBuildFile section */
		F104B95E2C3B2B7F00DD9953 /* StaticViewController.swift in Sources */ = {isa = PBXBuildFile; fileRef = F104B95D2C3B2B7F00DD9953 /* StaticViewController.swift */; };
		F1FC8B912C358B51001FC018 /* AppDelegate.swift in Sources */ = {isa = PBXBuildFile; fileRef = F1FC8B902C358B51001FC018 /* AppDelegate.swift */; };
		F1FC8B932C358B51001FC018 /* SceneDelegate.swift in Sources */ = {isa = PBXBuildFile; fileRef = F1FC8B922C358B51001FC018 /* SceneDelegate.swift */; };
		F1FC8B952C358B51001FC018 /* MainTabBarController.swift in Sources */ = {isa = PBXBuildFile; fileRef = F1FC8B942C358B51001FC018 /* MainTabBarController.swift */; };
		F1FC8B9B2C358B51001FC018 /* Tracker.xcdatamodeld in Sources */ = {isa = PBXBuildFile; fileRef = F1FC8B992C358B51001FC018 /* Tracker.xcdatamodeld */; };
		F1FC8B9D2C358B54001FC018 /* Assets.xcassets in Resources */ = {isa = PBXBuildFile; fileRef = F1FC8B9C2C358B54001FC018 /* Assets.xcassets */; };
		F1FC8BA02C358B54001FC018 /* Base in Resources */ = {isa = PBXBuildFile; fileRef = F1FC8B9F2C358B54001FC018 /* Base */; };
		F1FC8BAB2C358B54001FC018 /* TrackerTests.swift in Sources */ = {isa = PBXBuildFile; fileRef = F1FC8BAA2C358B54001FC018 /* TrackerTests.swift */; };
		F1FC8BB52C358B54001FC018 /* TrackerUITests.swift in Sources */ = {isa = PBXBuildFile; fileRef = F1FC8BB42C358B54001FC018 /* TrackerUITests.swift */; };
		F1FC8BB72C358B54001FC018 /* TrackerUITestsLaunchTests.swift in Sources */ = {isa = PBXBuildFile; fileRef = F1FC8BB62C358B54001FC018 /* TrackerUITestsLaunchTests.swift */; };
		F1FC8BC42C3722FE001FC018 /* TrackerViewController.swift in Sources */ = {isa = PBXBuildFile; fileRef = F1FC8BC32C3722FE001FC018 /* TrackerViewController.swift */; };
/* End PBXBuildFile section */

/* Begin PBXContainerItemProxy section */
		F1FC8BA72C358B54001FC018 /* PBXContainerItemProxy */ = {
			isa = PBXContainerItemProxy;
			containerPortal = F1FC8B852C358B51001FC018 /* Project object */;
			proxyType = 1;
			remoteGlobalIDString = F1FC8B8C2C358B51001FC018;
			remoteInfo = Tracker;
		};
		F1FC8BB12C358B54001FC018 /* PBXContainerItemProxy */ = {
			isa = PBXContainerItemProxy;
			containerPortal = F1FC8B852C358B51001FC018 /* Project object */;
			proxyType = 1;
			remoteGlobalIDString = F1FC8B8C2C358B51001FC018;
			remoteInfo = Tracker;
		};
/* End PBXContainerItemProxy section */

/* Begin PBXFileReference section */
		F104B95D2C3B2B7F00DD9953 /* StaticViewController.swift */ = {isa = PBXFileReference; lastKnownFileType = sourcecode.swift; path = StaticViewController.swift; sourceTree = "<group>"; };
		F1FC8B8D2C358B51001FC018 /* Tracker.app */ = {isa = PBXFileReference; explicitFileType = wrapper.application; includeInIndex = 0; path = Tracker.app; sourceTree = BUILT_PRODUCTS_DIR; };
		F1FC8B902C358B51001FC018 /* AppDelegate.swift */ = {isa = PBXFileReference; lastKnownFileType = sourcecode.swift; path = AppDelegate.swift; sourceTree = "<group>"; };
		F1FC8B922C358B51001FC018 /* SceneDelegate.swift */ = {isa = PBXFileReference; lastKnownFileType = sourcecode.swift; path = SceneDelegate.swift; sourceTree = "<group>"; };
		F1FC8B942C358B51001FC018 /* MainTabBarController.swift */ = {isa = PBXFileReference; lastKnownFileType = sourcecode.swift; path = MainTabBarController.swift; sourceTree = "<group>"; };
		F1FC8B9A2C358B51001FC018 /* Tracker.xcdatamodel */ = {isa = PBXFileReference; lastKnownFileType = wrapper.xcdatamodel; path = Tracker.xcdatamodel; sourceTree = "<group>"; };
		F1FC8B9C2C358B54001FC018 /* Assets.xcassets */ = {isa = PBXFileReference; lastKnownFileType = folder.assetcatalog; path = Assets.xcassets; sourceTree = "<group>"; };
		F1FC8B9F2C358B54001FC018 /* Base */ = {isa = PBXFileReference; lastKnownFileType = file.storyboard; name = Base; path = Base.lproj/LaunchScreen.storyboard; sourceTree = "<group>"; };
		F1FC8BA12C358B54001FC018 /* Info.plist */ = {isa = PBXFileReference; lastKnownFileType = text.plist.xml; path = Info.plist; sourceTree = "<group>"; };
		F1FC8BA62C358B54001FC018 /* TrackerTests.xctest */ = {isa = PBXFileReference; explicitFileType = wrapper.cfbundle; includeInIndex = 0; path = TrackerTests.xctest; sourceTree = BUILT_PRODUCTS_DIR; };
		F1FC8BAA2C358B54001FC018 /* TrackerTests.swift */ = {isa = PBXFileReference; lastKnownFileType = sourcecode.swift; path = TrackerTests.swift; sourceTree = "<group>"; };
		F1FC8BB02C358B54001FC018 /* TrackerUITests.xctest */ = {isa = PBXFileReference; explicitFileType = wrapper.cfbundle; includeInIndex = 0; path = TrackerUITests.xctest; sourceTree = BUILT_PRODUCTS_DIR; };
		F1FC8BB42C358B54001FC018 /* TrackerUITests.swift */ = {isa = PBXFileReference; lastKnownFileType = sourcecode.swift; path = TrackerUITests.swift; sourceTree = "<group>"; };
		F1FC8BB62C358B54001FC018 /* TrackerUITestsLaunchTests.swift */ = {isa = PBXFileReference; lastKnownFileType = sourcecode.swift; path = TrackerUITestsLaunchTests.swift; sourceTree = "<group>"; };
		F1FC8BC32C3722FE001FC018 /* TrackerViewController.swift */ = {isa = PBXFileReference; lastKnownFileType = sourcecode.swift; path = TrackerViewController.swift; sourceTree = "<group>"; };
/* End PBXFileReference section */

/* Begin PBXFrameworksBuildPhase section */
		F1FC8B8A2C358B51001FC018 /* Frameworks */ = {
			isa = PBXFrameworksBuildPhase;
			buildActionMask = 2147483647;
			files = (
			);
			runOnlyForDeploymentPostprocessing = 0;
		};
		F1FC8BA32C358B54001FC018 /* Frameworks */ = {
			isa = PBXFrameworksBuildPhase;
			buildActionMask = 2147483647;
			files = (
			);
			runOnlyForDeploymentPostprocessing = 0;
		};
		F1FC8BAD2C358B54001FC018 /* Frameworks */ = {
			isa = PBXFrameworksBuildPhase;
			buildActionMask = 2147483647;
			files = (
			);
			runOnlyForDeploymentPostprocessing = 0;
		};
/* End PBXFrameworksBuildPhase section */

/* Begin PBXGroup section */
		F1FC8B842C358B51001FC018 = {
			isa = PBXGroup;
			children = (
				F1FC8B8F2C358B51001FC018 /* Tracker */,
				F1FC8BA92C358B54001FC018 /* TrackerTests */,
				F1FC8BB32C358B54001FC018 /* TrackerUITests */,
				F1FC8B8E2C358B51001FC018 /* Products */,
			);
			sourceTree = "<group>";
		};
		F1FC8B8E2C358B51001FC018 /* Products */ = {
			isa = PBXGroup;
			children = (
				F1FC8B8D2C358B51001FC018 /* Tracker.app */,
				F1FC8BA62C358B54001FC018 /* TrackerTests.xctest */,
				F1FC8BB02C358B54001FC018 /* TrackerUITests.xctest */,
			);
			name = Products;
			sourceTree = "<group>";
		};
		F1FC8B8F2C358B51001FC018 /* Tracker */ = {
			isa = PBXGroup;
			children = (
				F1FC8B902C358B51001FC018 /* AppDelegate.swift */,
				F1FC8B922C358B51001FC018 /* SceneDelegate.swift */,
				F1FC8B942C358B51001FC018 /* MainTabBarController.swift */,
				F1FC8B9C2C358B54001FC018 /* Assets.xcassets */,
				F1FC8B9E2C358B54001FC018 /* LaunchScreen.storyboard */,
				F1FC8BA12C358B54001FC018 /* Info.plist */,
				F1FC8B992C358B51001FC018 /* Tracker.xcdatamodeld */,
				F1FC8BC32C3722FE001FC018 /* TrackerViewController.swift */,
				F104B95D2C3B2B7F00DD9953 /* StaticViewController.swift */,
			);
			path = Tracker;
			sourceTree = "<group>";
		};
		F1FC8BA92C358B54001FC018 /* TrackerTests */ = {
			isa = PBXGroup;
			children = (
				F1FC8BAA2C358B54001FC018 /* TrackerTests.swift */,
			);
			path = TrackerTests;
			sourceTree = "<group>";
		};
		F1FC8BB32C358B54001FC018 /* TrackerUITests */ = {
			isa = PBXGroup;
			children = (
				F1FC8BB42C358B54001FC018 /* TrackerUITests.swift */,
				F1FC8BB62C358B54001FC018 /* TrackerUITestsLaunchTests.swift */,
			);
			path = TrackerUITests;
			sourceTree = "<group>";
		};
/* End PBXGroup section */

/* Begin PBXNativeTarget section */
		F1FC8B8C2C358B51001FC018 /* Tracker */ = {
			isa = PBXNativeTarget;
			buildConfigurationList = F1FC8BBA2C358B54001FC018 /* Build configuration list for PBXNativeTarget "Tracker" */;
			buildPhases = (
				F1FC8B892C358B51001FC018 /* Sources */,
				F1FC8B8A2C358B51001FC018 /* Frameworks */,
				F1FC8B8B2C358B51001FC018 /* Resources */,
			);
			buildRules = (
			);
			dependencies = (
			);
			name = Tracker;
			productName = Tracker;
			productReference = F1FC8B8D2C358B51001FC018 /* Tracker.app */;
			productType = "com.apple.product-type.application";
		};
		F1FC8BA52C358B54001FC018 /* TrackerTests */ = {
			isa = PBXNativeTarget;
			buildConfigurationList = F1FC8BBD2C358B54001FC018 /* Build configuration list for PBXNativeTarget "TrackerTests" */;
			buildPhases = (
				F1FC8BA22C358B54001FC018 /* Sources */,
				F1FC8BA32C358B54001FC018 /* Frameworks */,
				F1FC8BA42C358B54001FC018 /* Resources */,
			);
			buildRules = (
			);
			dependencies = (
				F1FC8BA82C358B54001FC018 /* PBXTargetDependency */,
			);
			name = TrackerTests;
			productName = TrackerTests;
			productReference = F1FC8BA62C358B54001FC018 /* TrackerTests.xctest */;
			productType = "com.apple.product-type.bundle.unit-test";
		};
		F1FC8BAF2C358B54001FC018 /* TrackerUITests */ = {
			isa = PBXNativeTarget;
			buildConfigurationList = F1FC8BC02C358B54001FC018 /* Build configuration list for PBXNativeTarget "TrackerUITests" */;
			buildPhases = (
				F1FC8BAC2C358B54001FC018 /* Sources */,
				F1FC8BAD2C358B54001FC018 /* Frameworks */,
				F1FC8BAE2C358B54001FC018 /* Resources */,
			);
			buildRules = (
			);
			dependencies = (
				F1FC8BB22C358B54001FC018 /* PBXTargetDependency */,
			);
			name = TrackerUITests;
			productName = TrackerUITests;
			productReference = F1FC8BB02C358B54001FC018 /* TrackerUITests.xctest */;
			productType = "com.apple.product-type.bundle.ui-testing";
		};
/* End PBXNativeTarget section */

/* Begin PBXProject section */
		F1FC8B852C358B51001FC018 /* Project object */ = {
			isa = PBXProject;
			attributes = {
				BuildIndependentTargetsInParallel = 1;
				LastSwiftUpdateCheck = 1540;
				LastUpgradeCheck = 1540;
				TargetAttributes = {
					F1FC8B8C2C358B51001FC018 = {
						CreatedOnToolsVersion = 15.4;
					};
					F1FC8BA52C358B54001FC018 = {
						CreatedOnToolsVersion = 15.4;
						TestTargetID = F1FC8B8C2C358B51001FC018;
					};
					F1FC8BAF2C358B54001FC018 = {
						CreatedOnToolsVersion = 15.4;
						TestTargetID = F1FC8B8C2C358B51001FC018;
					};
				};
			};
			buildConfigurationList = F1FC8B882C358B51001FC018 /* Build configuration list for PBXProject "Tracker" */;
			compatibilityVersion = "Xcode 14.0";
			developmentRegion = en;
			hasScannedForEncodings = 0;
			knownRegions = (
				en,
				Base,
			);
			mainGroup = F1FC8B842C358B51001FC018;
			productRefGroup = F1FC8B8E2C358B51001FC018 /* Products */;
			projectDirPath = "";
			projectRoot = "";
			targets = (
				F1FC8B8C2C358B51001FC018 /* Tracker */,
				F1FC8BA52C358B54001FC018 /* TrackerTests */,
				F1FC8BAF2C358B54001FC018 /* TrackerUITests */,
			);
		};
/* End PBXProject section */

/* Begin PBXResourcesBuildPhase section */
		F1FC8B8B2C358B51001FC018 /* Resources */ = {
			isa = PBXResourcesBuildPhase;
			buildActionMask = 2147483647;
			files = (
				F1FC8B9D2C358B54001FC018 /* Assets.xcassets in Resources */,
				F1FC8BA02C358B54001FC018 /* Base in Resources */,
			);
			runOnlyForDeploymentPostprocessing = 0;
		};
		F1FC8BA42C358B54001FC018 /* Resources */ = {
			isa = PBXResourcesBuildPhase;
			buildActionMask = 2147483647;
			files = (
			);
			runOnlyForDeploymentPostprocessing = 0;
		};
		F1FC8BAE2C358B54001FC018 /* Resources */ = {
			isa = PBXResourcesBuildPhase;
			buildActionMask = 2147483647;
			files = (
			);
			runOnlyForDeploymentPostprocessing = 0;
		};
/* End PBXResourcesBuildPhase section */

/* Begin PBXSourcesBuildPhase section */
		F1FC8B892C358B51001FC018 /* Sources */ = {
			isa = PBXSourcesBuildPhase;
			buildActionMask = 2147483647;
			files = (
				F1FC8B9B2C358B51001FC018 /* Tracker.xcdatamodeld in Sources */,
				F1FC8B952C358B51001FC018 /* MainTabBarController.swift in Sources */,
				F1FC8B912C358B51001FC018 /* AppDelegate.swift in Sources */,
				F1FC8B932C358B51001FC018 /* SceneDelegate.swift in Sources */,
				F104B95E2C3B2B7F00DD9953 /* StaticViewController.swift in Sources */,
				F1FC8BC42C3722FE001FC018 /* TrackerViewController.swift in Sources */,
			);
			runOnlyForDeploymentPostprocessing = 0;
		};
		F1FC8BA22C358B54001FC018 /* Sources */ = {
			isa = PBXSourcesBuildPhase;
			buildActionMask = 2147483647;
			files = (
				F1FC8BAB2C358B54001FC018 /* TrackerTests.swift in Sources */,
			);
			runOnlyForDeploymentPostprocessing = 0;
		};
		F1FC8BAC2C358B54001FC018 /* Sources */ = {
			isa = PBXSourcesBuildPhase;
			buildActionMask = 2147483647;
			files = (
				F1FC8BB52C358B54001FC018 /* TrackerUITests.swift in Sources */,
				F1FC8BB72C358B54001FC018 /* TrackerUITestsLaunchTests.swift in Sources */,
			);
			runOnlyForDeploymentPostprocessing = 0;
		};
/* End PBXSourcesBuildPhase section */

/* Begin PBXTargetDependency section */
		F1FC8BA82C358B54001FC018 /* PBXTargetDependency */ = {
			isa = PBXTargetDependency;
			target = F1FC8B8C2C358B51001FC018 /* Tracker */;
			targetProxy = F1FC8BA72C358B54001FC018 /* PBXContainerItemProxy */;
		};
		F1FC8BB22C358B54001FC018 /* PBXTargetDependency */ = {
			isa = PBXTargetDependency;
			target = F1FC8B8C2C358B51001FC018 /* Tracker */;
			targetProxy = F1FC8BB12C358B54001FC018 /* PBXContainerItemProxy */;
		};
/* End PBXTargetDependency section */

/* Begin PBXVariantGroup section */
		F1FC8B9E2C358B54001FC018 /* LaunchScreen.storyboard */ = {
			isa = PBXVariantGroup;
			children = (
				F1FC8B9F2C358B54001FC018 /* Base */,
			);
			name = LaunchScreen.storyboard;
			sourceTree = "<group>";
		};
/* End PBXVariantGroup section */

/* Begin XCBuildConfiguration section */
		F1FC8BB82C358B54001FC018 /* Debug */ = {
			isa = XCBuildConfiguration;
			buildSettings = {
				ALWAYS_SEARCH_USER_PATHS = NO;
				ASSETCATALOG_COMPILER_GENERATE_SWIFT_ASSET_SYMBOL_EXTENSIONS = YES;
				CLANG_ANALYZER_NONNULL = YES;
				CLANG_ANALYZER_NUMBER_OBJECT_CONVERSION = YES_AGGRESSIVE;
				CLANG_CXX_LANGUAGE_STANDARD = "gnu++20";
				CLANG_ENABLE_MODULES = YES;
				CLANG_ENABLE_OBJC_ARC = YES;
				CLANG_ENABLE_OBJC_WEAK = YES;
				CLANG_WARN_BLOCK_CAPTURE_AUTORELEASING = YES;
				CLANG_WARN_BOOL_CONVERSION = YES;
				CLANG_WARN_COMMA = YES;
				CLANG_WARN_CONSTANT_CONVERSION = YES;
				CLANG_WARN_DEPRECATED_OBJC_IMPLEMENTATIONS = YES;
				CLANG_WARN_DIRECT_OBJC_ISA_USAGE = YES_ERROR;
				CLANG_WARN_DOCUMENTATION_COMMENTS = YES;
				CLANG_WARN_EMPTY_BODY = YES;
				CLANG_WARN_ENUM_CONVERSION = YES;
				CLANG_WARN_INFINITE_RECURSION = YES;
				CLANG_WARN_INT_CONVERSION = YES;
				CLANG_WARN_NON_LITERAL_NULL_CONVERSION = YES;
				CLANG_WARN_OBJC_IMPLICIT_RETAIN_SELF = YES;
				CLANG_WARN_OBJC_LITERAL_CONVERSION = YES;
				CLANG_WARN_OBJC_ROOT_CLASS = YES_ERROR;
				CLANG_WARN_QUOTED_INCLUDE_IN_FRAMEWORK_HEADER = YES;
				CLANG_WARN_RANGE_LOOP_ANALYSIS = YES;
				CLANG_WARN_STRICT_PROTOTYPES = YES;
				CLANG_WARN_SUSPICIOUS_MOVE = YES;
				CLANG_WARN_UNGUARDED_AVAILABILITY = YES_AGGRESSIVE;
				CLANG_WARN_UNREACHABLE_CODE = YES;
				CLANG_WARN__DUPLICATE_METHOD_MATCH = YES;
				COPY_PHASE_STRIP = NO;
				DEBUG_INFORMATION_FORMAT = dwarf;
				ENABLE_STRICT_OBJC_MSGSEND = YES;
				ENABLE_TESTABILITY = YES;
				ENABLE_USER_SCRIPT_SANDBOXING = YES;
				GCC_C_LANGUAGE_STANDARD = gnu17;
				GCC_DYNAMIC_NO_PIC = NO;
				GCC_NO_COMMON_BLOCKS = YES;
				GCC_OPTIMIZATION_LEVEL = 0;
				GCC_PREPROCESSOR_DEFINITIONS = (
					"DEBUG=1",
					"$(inherited)",
				);
				GCC_WARN_64_TO_32_BIT_CONVERSION = YES;
				GCC_WARN_ABOUT_RETURN_TYPE = YES_ERROR;
				GCC_WARN_UNDECLARED_SELECTOR = YES;
				GCC_WARN_UNINITIALIZED_AUTOS = YES_AGGRESSIVE;
				GCC_WARN_UNUSED_FUNCTION = YES;
				GCC_WARN_UNUSED_VARIABLE = YES;
				IPHONEOS_DEPLOYMENT_TARGET = 17.5;
				LOCALIZATION_PREFERS_STRING_CATALOGS = YES;
				MTL_ENABLE_DEBUG_INFO = INCLUDE_SOURCE;
				MTL_FAST_MATH = YES;
				ONLY_ACTIVE_ARCH = YES;
				SDKROOT = iphoneos;
				SWIFT_ACTIVE_COMPILATION_CONDITIONS = "DEBUG $(inherited)";
				SWIFT_OPTIMIZATION_LEVEL = "-Onone";
			};
			name = Debug;
		};
		F1FC8BB92C358B54001FC018 /* Release */ = {
			isa = XCBuildConfiguration;
			buildSettings = {
				ALWAYS_SEARCH_USER_PATHS = NO;
				ASSETCATALOG_COMPILER_GENERATE_SWIFT_ASSET_SYMBOL_EXTENSIONS = YES;
				CLANG_ANALYZER_NONNULL = YES;
				CLANG_ANALYZER_NUMBER_OBJECT_CONVERSION = YES_AGGRESSIVE;
				CLANG_CXX_LANGUAGE_STANDARD = "gnu++20";
				CLANG_ENABLE_MODULES = YES;
				CLANG_ENABLE_OBJC_ARC = YES;
				CLANG_ENABLE_OBJC_WEAK = YES;
				CLANG_WARN_BLOCK_CAPTURE_AUTORELEASING = YES;
				CLANG_WARN_BOOL_CONVERSION = YES;
				CLANG_WARN_COMMA = YES;
				CLANG_WARN_CONSTANT_CONVERSION = YES;
				CLANG_WARN_DEPRECATED_OBJC_IMPLEMENTATIONS = YES;
				CLANG_WARN_DIRECT_OBJC_ISA_USAGE = YES_ERROR;
				CLANG_WARN_DOCUMENTATION_COMMENTS = YES;
				CLANG_WARN_EMPTY_BODY = YES;
				CLANG_WARN_ENUM_CONVERSION = YES;
				CLANG_WARN_INFINITE_RECURSION = YES;
				CLANG_WARN_INT_CONVERSION = YES;
				CLANG_WARN_NON_LITERAL_NULL_CONVERSION = YES;
				CLANG_WARN_OBJC_IMPLICIT_RETAIN_SELF = YES;
				CLANG_WARN_OBJC_LITERAL_CONVERSION = YES;
				CLANG_WARN_OBJC_ROOT_CLASS = YES_ERROR;
				CLANG_WARN_QUOTED_INCLUDE_IN_FRAMEWORK_HEADER = YES;
				CLANG_WARN_RANGE_LOOP_ANALYSIS = YES;
				CLANG_WARN_STRICT_PROTOTYPES = YES;
				CLANG_WARN_SUSPICIOUS_MOVE = YES;
				CLANG_WARN_UNGUARDED_AVAILABILITY = YES_AGGRESSIVE;
				CLANG_WARN_UNREACHABLE_CODE = YES;
				CLANG_WARN__DUPLICATE_METHOD_MATCH = YES;
				COPY_PHASE_STRIP = NO;
				DEBUG_INFORMATION_FORMAT = "dwarf-with-dsym";
				ENABLE_NS_ASSERTIONS = NO;
				ENABLE_STRICT_OBJC_MSGSEND = YES;
				ENABLE_USER_SCRIPT_SANDBOXING = YES;
				GCC_C_LANGUAGE_STANDARD = gnu17;
				GCC_NO_COMMON_BLOCKS = YES;
				GCC_WARN_64_TO_32_BIT_CONVERSION = YES;
				GCC_WARN_ABOUT_RETURN_TYPE = YES_ERROR;
				GCC_WARN_UNDECLARED_SELECTOR = YES;
				GCC_WARN_UNINITIALIZED_AUTOS = YES_AGGRESSIVE;
				GCC_WARN_UNUSED_FUNCTION = YES;
				GCC_WARN_UNUSED_VARIABLE = YES;
				IPHONEOS_DEPLOYMENT_TARGET = 17.5;
				LOCALIZATION_PREFERS_STRING_CATALOGS = YES;
				MTL_ENABLE_DEBUG_INFO = NO;
				MTL_FAST_MATH = YES;
				SDKROOT = iphoneos;
				SWIFT_COMPILATION_MODE = wholemodule;
				VALIDATE_PRODUCT = YES;
			};
			name = Release;
		};
		F1FC8BBB2C358B54001FC018 /* Debug */ = {
			isa = XCBuildConfiguration;
			buildSettings = {
				ASSETCATALOG_COMPILER_APPICON_NAME = AppIcon;
				ASSETCATALOG_COMPILER_GLOBAL_ACCENT_COLOR_NAME = AccentColor;
				CODE_SIGN_STYLE = Automatic;
				CURRENT_PROJECT_VERSION = 1;
				DEVELOPMENT_TEAM = M93S7M23W3;
				GENERATE_INFOPLIST_FILE = YES;
				INFOPLIST_FILE = Tracker/Info.plist;
				INFOPLIST_KEY_UIApplicationSupportsIndirectInputEvents = YES;
				INFOPLIST_KEY_UILaunchStoryboardName = LaunchScreen;
				INFOPLIST_KEY_UISupportedInterfaceOrientations_iPad = "UIInterfaceOrientationPortrait UIInterfaceOrientationPortraitUpsideDown UIInterfaceOrientationLandscapeLeft UIInterfaceOrientationLandscapeRight";
				INFOPLIST_KEY_UISupportedInterfaceOrientations_iPhone = "UIInterfaceOrientationPortrait UIInterfaceOrientationLandscapeLeft UIInterfaceOrientationLandscapeRight";
				IPHONEOS_DEPLOYMENT_TARGET = 13.4;
				LD_RUNPATH_SEARCH_PATHS = (
					"$(inherited)",
					"@executable_path/Frameworks",
				);
				MARKETING_VERSION = 1.0;
				PRODUCT_BUNDLE_IDENTIFIER = "-.Tracker";
				PRODUCT_NAME = "$(TARGET_NAME)";
				SWIFT_EMIT_LOC_STRINGS = YES;
				SWIFT_VERSION = 5.0;
				TARGETED_DEVICE_FAMILY = "1,2";
			};
			name = Debug;
		};
		F1FC8BBC2C358B54001FC018 /* Release */ = {
			isa = XCBuildConfiguration;
			buildSettings = {
				ASSETCATALOG_COMPILER_APPICON_NAME = AppIcon;
				ASSETCATALOG_COMPILER_GLOBAL_ACCENT_COLOR_NAME = AccentColor;
				CODE_SIGN_STYLE = Automatic;
				CURRENT_PROJECT_VERSION = 1;
				DEVELOPMENT_TEAM = M93S7M23W3;
				GENERATE_INFOPLIST_FILE = YES;
				INFOPLIST_FILE = Tracker/Info.plist;
				INFOPLIST_KEY_UIApplicationSupportsIndirectInputEvents = YES;
				INFOPLIST_KEY_UILaunchStoryboardName = LaunchScreen;
				INFOPLIST_KEY_UISupportedInterfaceOrientations_iPad = "UIInterfaceOrientationPortrait UIInterfaceOrientationPortraitUpsideDown UIInterfaceOrientationLandscapeLeft UIInterfaceOrientationLandscapeRight";
				INFOPLIST_KEY_UISupportedInterfaceOrientations_iPhone = "UIInterfaceOrientationPortrait UIInterfaceOrientationLandscapeLeft UIInterfaceOrientationLandscapeRight";
				IPHONEOS_DEPLOYMENT_TARGET = 13.4;
				LD_RUNPATH_SEARCH_PATHS = (
					"$(inherited)",
					"@executable_path/Frameworks",
				);
				MARKETING_VERSION = 1.0;
				PRODUCT_BUNDLE_IDENTIFIER = "-.Tracker";
				PRODUCT_NAME = "$(TARGET_NAME)";
				SWIFT_EMIT_LOC_STRINGS = YES;
				SWIFT_VERSION = 5.0;
				TARGETED_DEVICE_FAMILY = "1,2";
			};
			name = Release;
		};
		F1FC8BBE2C358B54001FC018 /* Debug */ = {
			isa = XCBuildConfiguration;
			buildSettings = {
				ALWAYS_EMBED_SWIFT_STANDARD_LIBRARIES = YES;
				BUNDLE_LOADER = "$(TEST_HOST)";
				CODE_SIGN_STYLE = Automatic;
				CURRENT_PROJECT_VERSION = 1;
				DEVELOPMENT_TEAM = M93S7M23W3;
				GENERATE_INFOPLIST_FILE = YES;
				IPHONEOS_DEPLOYMENT_TARGET = 17.5;
				MARKETING_VERSION = 1.0;
				PRODUCT_BUNDLE_IDENTIFIER = "-.TrackerTests";
				PRODUCT_NAME = "$(TARGET_NAME)";
				SWIFT_EMIT_LOC_STRINGS = NO;
				SWIFT_VERSION = 5.0;
				TARGETED_DEVICE_FAMILY = "1,2";
				TEST_HOST = "$(BUILT_PRODUCTS_DIR)/Tracker.app/$(BUNDLE_EXECUTABLE_FOLDER_PATH)/Tracker";
			};
			name = Debug;
		};
		F1FC8BBF2C358B54001FC018 /* Release */ = {
			isa = XCBuildConfiguration;
			buildSettings = {
				ALWAYS_EMBED_SWIFT_STANDARD_LIBRARIES = YES;
				BUNDLE_LOADER = "$(TEST_HOST)";
				CODE_SIGN_STYLE = Automatic;
				CURRENT_PROJECT_VERSION = 1;
				DEVELOPMENT_TEAM = M93S7M23W3;
				GENERATE_INFOPLIST_FILE = YES;
				IPHONEOS_DEPLOYMENT_TARGET = 17.5;
				MARKETING_VERSION = 1.0;
				PRODUCT_BUNDLE_IDENTIFIER = "-.TrackerTests";
				PRODUCT_NAME = "$(TARGET_NAME)";
				SWIFT_EMIT_LOC_STRINGS = NO;
				SWIFT_VERSION = 5.0;
				TARGETED_DEVICE_FAMILY = "1,2";
				TEST_HOST = "$(BUILT_PRODUCTS_DIR)/Tracker.app/$(BUNDLE_EXECUTABLE_FOLDER_PATH)/Tracker";
			};
			name = Release;
		};
		F1FC8BC12C358B54001FC018 /* Debug */ = {
			isa = XCBuildConfiguration;
			buildSettings = {
				ALWAYS_EMBED_SWIFT_STANDARD_LIBRARIES = YES;
				CODE_SIGN_STYLE = Automatic;
				CURRENT_PROJECT_VERSION = 1;
				DEVELOPMENT_TEAM = M93S7M23W3;
				GENERATE_INFOPLIST_FILE = YES;
				MARKETING_VERSION = 1.0;
				PRODUCT_BUNDLE_IDENTIFIER = "-.TrackerUITests";
				PRODUCT_NAME = "$(TARGET_NAME)";
				SWIFT_EMIT_LOC_STRINGS = NO;
				SWIFT_VERSION = 5.0;
				TARGETED_DEVICE_FAMILY = "1,2";
				TEST_TARGET_NAME = Tracker;
			};
			name = Debug;
		};
		F1FC8BC22C358B54001FC018 /* Release */ = {
			isa = XCBuildConfiguration;
			buildSettings = {
				ALWAYS_EMBED_SWIFT_STANDARD_LIBRARIES = YES;
				CODE_SIGN_STYLE = Automatic;
				CURRENT_PROJECT_VERSION = 1;
				DEVELOPMENT_TEAM = M93S7M23W3;
				GENERATE_INFOPLIST_FILE = YES;
				MARKETING_VERSION = 1.0;
				PRODUCT_BUNDLE_IDENTIFIER = "-.TrackerUITests";
				PRODUCT_NAME = "$(TARGET_NAME)";
				SWIFT_EMIT_LOC_STRINGS = NO;
				SWIFT_VERSION = 5.0;
				TARGETED_DEVICE_FAMILY = "1,2";
				TEST_TARGET_NAME = Tracker;
			};
			name = Release;
		};
/* End XCBuildConfiguration section */

/* Begin XCConfigurationList section */
		F1FC8B882C358B51001FC018 /* Build configuration list for PBXProject "Tracker" */ = {
			isa = XCConfigurationList;
			buildConfigurations = (
				F1FC8BB82C358B54001FC018 /* Debug */,
				F1FC8BB92C358B54001FC018 /* Release */,
			);
			defaultConfigurationIsVisible = 0;
			defaultConfigurationName = Release;
		};
		F1FC8BBA2C358B54001FC018 /* Build configuration list for PBXNativeTarget "Tracker" */ = {
			isa = XCConfigurationList;
			buildConfigurations = (
				F1FC8BBB2C358B54001FC018 /* Debug */,
				F1FC8BBC2C358B54001FC018 /* Release */,
			);
			defaultConfigurationIsVisible = 0;
			defaultConfigurationName = Release;
		};
		F1FC8BBD2C358B54001FC018 /* Build configuration list for PBXNativeTarget "TrackerTests" */ = {
			isa = XCConfigurationList;
			buildConfigurations = (
				F1FC8BBE2C358B54001FC018 /* Debug */,
				F1FC8BBF2C358B54001FC018 /* Release */,
			);
			defaultConfigurationIsVisible = 0;
			defaultConfigurationName = Release;
		};
		F1FC8BC02C358B54001FC018 /* Build configuration list for PBXNativeTarget "TrackerUITests" */ = {
			isa = XCConfigurationList;
			buildConfigurations = (
				F1FC8BC12C358B54001FC018 /* Debug */,
				F1FC8BC22C358B54001FC018 /* Release */,
			);
			defaultConfigurationIsVisible = 0;
			defaultConfigurationName = Release;
		};
/* End XCConfigurationList section */

/* Begin XCVersionGroup section */
		F1FC8B992C358B51001FC018 /* Tracker.xcdatamodeld */ = {
			isa = XCVersionGroup;
			children = (
				F1FC8B9A2C358B51001FC018 /* Tracker.xcdatamodel */,
			);
			currentVersion = F1FC8B9A2C358B51001FC018 /* Tracker.xcdatamodel */;
			path = Tracker.xcdatamodeld;
			sourceTree = "<group>";
			versionGroupType = wrapper.xcdatamodel;
		};
/* End XCVersionGroup section */
	};
	rootObject = F1FC8B852C358B51001FC018 /* Project object */;
}
